// !$*UTF8*$!
{
	archiveVersion = 1;
	classes = {
	};
	objectVersion = 50;
	objects = {

/* Begin PBXBuildFile section */
		3F37CD692657AA850072009E /* AppDelegate.swift in Sources */ = {isa = PBXBuildFile; fileRef = 3F37CD682657AA850072009E /* AppDelegate.swift */; };
		3F37CD6B2657AA850072009E /* SceneDelegate.swift in Sources */ = {isa = PBXBuildFile; fileRef = 3F37CD6A2657AA850072009E /* SceneDelegate.swift */; };
		3F37CD6D2657AA850072009E /* LijstCentrumsVC.swift in Sources */ = {isa = PBXBuildFile; fileRef = 3F37CD6C2657AA850072009E /* LijstCentrumsVC.swift */; };
		3F37CD702657AA850072009E /* Main.storyboard in Resources */ = {isa = PBXBuildFile; fileRef = 3F37CD6E2657AA850072009E /* Main.storyboard */; };
		3F37CD722657AA870072009E /* Assets.xcassets in Resources */ = {isa = PBXBuildFile; fileRef = 3F37CD712657AA870072009E /* Assets.xcassets */; };
		3F37CD752657AA870072009E /* LaunchScreen.storyboard in Resources */ = {isa = PBXBuildFile; fileRef = 3F37CD732657AA870072009E /* LaunchScreen.storyboard */; };
		3F37CD802657AA870072009E /* Werkstuk1Tests.swift in Sources */ = {isa = PBXBuildFile; fileRef = 3F37CD7F2657AA870072009E /* Werkstuk1Tests.swift */; };
		3F37CD8B2657AA870072009E /* Werkstuk1UITests.swift in Sources */ = {isa = PBXBuildFile; fileRef = 3F37CD8A2657AA870072009E /* Werkstuk1UITests.swift */; };
		3F37CD9D2657AA9A0072009E /* MapKit.framework in Frameworks */ = {isa = PBXBuildFile; fileRef = 3F37CD9C2657AA9A0072009E /* MapKit.framework */; };
		3F938C0E2657C02400B47861 /* VaccinatieCentrum.swift in Sources */ = {isa = PBXBuildFile; fileRef = 3F938C0D2657C02400B47861 /* VaccinatieCentrum.swift */; };
		3F938C132657C09100B47861 /* Address.swift in Sources */ = {isa = PBXBuildFile; fileRef = 3F938C122657C09100B47861 /* Address.swift */; };
		3F938C212657C69A00B47861 /* CentrumDetailVC.swift in Sources */ = {isa = PBXBuildFile; fileRef = 3F938C202657C69A00B47861 /* CentrumDetailVC.swift */; };
		3F938C262657C6C600B47861 /* CentrumToevoegenVC.swift in Sources */ = {isa = PBXBuildFile; fileRef = 3F938C252657C6C600B47861 /* CentrumToevoegenVC.swift */; };
		3F938C2B2657C6DC00B47861 /* MapPositiesVC.swift in Sources */ = {isa = PBXBuildFile; fileRef = 3F938C2A2657C6DC00B47861 /* MapPositiesVC.swift */; };
		3F938C332657E34100B47861 /* LijstCentrums.swift in Sources */ = {isa = PBXBuildFile; fileRef = 3F938C322657E34100B47861 /* LijstCentrums.swift */; };
		3FF01C1E26593BAD00534936 /* CentrumImageVC.swift in Sources */ = {isa = PBXBuildFile; fileRef = 3FF01C1D26593BAD00534936 /* CentrumImageVC.swift */; };
/* End PBXBuildFile section */

/* Begin PBXContainerItemProxy section */
		3F37CD7C2657AA870072009E /* PBXContainerItemProxy */ = {
			isa = PBXContainerItemProxy;
			containerPortal = 3F37CD5D2657AA850072009E /* Project object */;
			proxyType = 1;
			remoteGlobalIDString = 3F37CD642657AA850072009E;
			remoteInfo = Werkstuk1;
		};
		3F37CD872657AA870072009E /* PBXContainerItemProxy */ = {
			isa = PBXContainerItemProxy;
			containerPortal = 3F37CD5D2657AA850072009E /* Project object */;
			proxyType = 1;
			remoteGlobalIDString = 3F37CD642657AA850072009E;
			remoteInfo = Werkstuk1;
		};
/* End PBXContainerItemProxy section */

/* Begin PBXFileReference section */
		3F37CD652657AA850072009E /* Werkstuk1.app */ = {isa = PBXFileReference; explicitFileType = wrapper.application; includeInIndex = 0; path = Werkstuk1.app; sourceTree = BUILT_PRODUCTS_DIR; };
		3F37CD682657AA850072009E /* AppDelegate.swift */ = {isa = PBXFileReference; lastKnownFileType = sourcecode.swift; path = AppDelegate.swift; sourceTree = "<group>"; };
		3F37CD6A2657AA850072009E /* SceneDelegate.swift */ = {isa = PBXFileReference; lastKnownFileType = sourcecode.swift; path = SceneDelegate.swift; sourceTree = "<group>"; };
		3F37CD6C2657AA850072009E /* LijstCentrumsVC.swift */ = {isa = PBXFileReference; lastKnownFileType = sourcecode.swift; path = LijstCentrumsVC.swift; sourceTree = "<group>"; };
		3F37CD6F2657AA850072009E /* Base */ = {isa = PBXFileReference; lastKnownFileType = file.storyboard; name = Base; path = Base.lproj/Main.storyboard; sourceTree = "<group>"; };
		3F37CD712657AA870072009E /* Assets.xcassets */ = {isa = PBXFileReference; lastKnownFileType = folder.assetcatalog; path = Assets.xcassets; sourceTree = "<group>"; };
		3F37CD742657AA870072009E /* Base */ = {isa = PBXFileReference; lastKnownFileType = file.storyboard; name = Base; path = Base.lproj/LaunchScreen.storyboard; sourceTree = "<group>"; };
		3F37CD762657AA870072009E /* Info.plist */ = {isa = PBXFileReference; lastKnownFileType = text.plist.xml; path = Info.plist; sourceTree = "<group>"; };
		3F37CD7B2657AA870072009E /* Werkstuk1Tests.xctest */ = {isa = PBXFileReference; explicitFileType = wrapper.cfbundle; includeInIndex = 0; path = Werkstuk1Tests.xctest; sourceTree = BUILT_PRODUCTS_DIR; };
		3F37CD7F2657AA870072009E /* Werkstuk1Tests.swift */ = {isa = PBXFileReference; lastKnownFileType = sourcecode.swift; path = Werkstuk1Tests.swift; sourceTree = "<group>"; };
		3F37CD812657AA870072009E /* Info.plist */ = {isa = PBXFileReference; lastKnownFileType = text.plist.xml; path = Info.plist; sourceTree = "<group>"; };
		3F37CD862657AA870072009E /* Werkstuk1UITests.xctest */ = {isa = PBXFileReference; explicitFileType = wrapper.cfbundle; includeInIndex = 0; path = Werkstuk1UITests.xctest; sourceTree = BUILT_PRODUCTS_DIR; };
		3F37CD8A2657AA870072009E /* Werkstuk1UITests.swift */ = {isa = PBXFileReference; lastKnownFileType = sourcecode.swift; path = Werkstuk1UITests.swift; sourceTree = "<group>"; };
		3F37CD8C2657AA870072009E /* Info.plist */ = {isa = PBXFileReference; lastKnownFileType = text.plist.xml; path = Info.plist; sourceTree = "<group>"; };
		3F37CD9C2657AA9A0072009E /* MapKit.framework */ = {isa = PBXFileReference; lastKnownFileType = wrapper.framework; name = MapKit.framework; path = System/Library/Frameworks/MapKit.framework; sourceTree = SDKROOT; };
		3F938C0D2657C02400B47861 /* VaccinatieCentrum.swift */ = {isa = PBXFileReference; lastKnownFileType = sourcecode.swift; path = VaccinatieCentrum.swift; sourceTree = "<group>"; };
		3F938C122657C09100B47861 /* Address.swift */ = {isa = PBXFileReference; lastKnownFileType = sourcecode.swift; path = Address.swift; sourceTree = "<group>"; };
		3F938C202657C69A00B47861 /* CentrumDetailVC.swift */ = {isa = PBXFileReference; lastKnownFileType = sourcecode.swift; path = CentrumDetailVC.swift; sourceTree = "<group>"; };
		3F938C252657C6C600B47861 /* CentrumToevoegenVC.swift */ = {isa = PBXFileReference; lastKnownFileType = sourcecode.swift; path = CentrumToevoegenVC.swift; sourceTree = "<group>"; };
		3F938C2A2657C6DC00B47861 /* MapPositiesVC.swift */ = {isa = PBXFileReference; lastKnownFileType = sourcecode.swift; path = MapPositiesVC.swift; sourceTree = "<group>"; };
		3F938C322657E34100B47861 /* LijstCentrums.swift */ = {isa = PBXFileReference; lastKnownFileType = sourcecode.swift; path = LijstCentrums.swift; sourceTree = "<group>"; };
		3FF01C1D26593BAD00534936 /* CentrumImageVC.swift */ = {isa = PBXFileReference; lastKnownFileType = sourcecode.swift; path = CentrumImageVC.swift; sourceTree = "<group>"; };
/* End PBXFileReference section */

/* Begin PBXFrameworksBuildPhase section */
		3F37CD622657AA850072009E /* Frameworks */ = {
			isa = PBXFrameworksBuildPhase;
			buildActionMask = 2147483647;
			files = (
				3F37CD9D2657AA9A0072009E /* MapKit.framework in Frameworks */,
			);
			runOnlyForDeploymentPostprocessing = 0;
		};
		3F37CD782657AA870072009E /* Frameworks */ = {
			isa = PBXFrameworksBuildPhase;
			buildActionMask = 2147483647;
			files = (
			);
			runOnlyForDeploymentPostprocessing = 0;
		};
		3F37CD832657AA870072009E /* Frameworks */ = {
			isa = PBXFrameworksBuildPhase;
			buildActionMask = 2147483647;
			files = (
			);
			runOnlyForDeploymentPostprocessing = 0;
		};
/* End PBXFrameworksBuildPhase section */

/* Begin PBXGroup section */
		3F37CD5C2657AA850072009E = {
			isa = PBXGroup;
			children = (
				3F37CD672657AA850072009E /* Werkstuk1 */,
				3F37CD7E2657AA870072009E /* Werkstuk1Tests */,
				3F37CD892657AA870072009E /* Werkstuk1UITests */,
				3F37CD662657AA850072009E /* Products */,
				3F37CD9B2657AA9A0072009E /* Frameworks */,
			);
			sourceTree = "<group>";
		};
		3F37CD662657AA850072009E /* Products */ = {
			isa = PBXGroup;
			children = (
				3F37CD652657AA850072009E /* Werkstuk1.app */,
				3F37CD7B2657AA870072009E /* Werkstuk1Tests.xctest */,
				3F37CD862657AA870072009E /* Werkstuk1UITests.xctest */,
			);
			name = Products;
			sourceTree = "<group>";
		};
		3F37CD672657AA850072009E /* Werkstuk1 */ = {
			isa = PBXGroup;
			children = (
				3F37CD682657AA850072009E /* AppDelegate.swift */,
				3F37CD6A2657AA850072009E /* SceneDelegate.swift */,
				3F37CD6E2657AA850072009E /* Main.storyboard */,
				3F37CD712657AA870072009E /* Assets.xcassets */,
				3F37CD732657AA870072009E /* LaunchScreen.storyboard */,
				3F37CD762657AA870072009E /* Info.plist */,
				3F938C0D2657C02400B47861 /* VaccinatieCentrum.swift */,
				3F938C122657C09100B47861 /* Address.swift */,
				3F37CD6C2657AA850072009E /* LijstCentrumsVC.swift */,
				3F938C202657C69A00B47861 /* CentrumDetailVC.swift */,
				3F938C252657C6C600B47861 /* CentrumToevoegenVC.swift */,
				3F938C2A2657C6DC00B47861 /* MapPositiesVC.swift */,
				3F938C322657E34100B47861 /* LijstCentrums.swift */,
				3FF01C1D26593BAD00534936 /* CentrumImageVC.swift */,
			);
			path = Werkstuk1;
			sourceTree = "<group>";
		};
		3F37CD7E2657AA870072009E /* Werkstuk1Tests */ = {
			isa = PBXGroup;
			children = (
				3F37CD7F2657AA870072009E /* Werkstuk1Tests.swift */,
				3F37CD812657AA870072009E /* Info.plist */,
			);
			path = Werkstuk1Tests;
			sourceTree = "<group>";
		};
		3F37CD892657AA870072009E /* Werkstuk1UITests */ = {
			isa = PBXGroup;
			children = (
				3F37CD8A2657AA870072009E /* Werkstuk1UITests.swift */,
				3F37CD8C2657AA870072009E /* Info.plist */,
			);
			path = Werkstuk1UITests;
			sourceTree = "<group>";
		};
		3F37CD9B2657AA9A0072009E /* Frameworks */ = {
			isa = PBXGroup;
			children = (
				3F37CD9C2657AA9A0072009E /* MapKit.framework */,
			);
			name = Frameworks;
			sourceTree = "<group>";
		};
/* End PBXGroup section */

/* Begin PBXNativeTarget section */
		3F37CD642657AA850072009E /* Werkstuk1 */ = {
			isa = PBXNativeTarget;
			buildConfigurationList = 3F37CD8F2657AA870072009E /* Build configuration list for PBXNativeTarget "Werkstuk1" */;
			buildPhases = (
				3F37CD612657AA850072009E /* Sources */,
				3F37CD622657AA850072009E /* Frameworks */,
				3F37CD632657AA850072009E /* Resources */,
			);
			buildRules = (
			);
			dependencies = (
			);
			name = Werkstuk1;
			productName = Werkstuk1;
			productReference = 3F37CD652657AA850072009E /* Werkstuk1.app */;
			productType = "com.apple.product-type.application";
		};
		3F37CD7A2657AA870072009E /* Werkstuk1Tests */ = {
			isa = PBXNativeTarget;
			buildConfigurationList = 3F37CD922657AA870072009E /* Build configuration list for PBXNativeTarget "Werkstuk1Tests" */;
			buildPhases = (
				3F37CD772657AA870072009E /* Sources */,
				3F37CD782657AA870072009E /* Frameworks */,
				3F37CD792657AA870072009E /* Resources */,
			);
			buildRules = (
			);
			dependencies = (
				3F37CD7D2657AA870072009E /* PBXTargetDependency */,
			);
			name = Werkstuk1Tests;
			productName = Werkstuk1Tests;
			productReference = 3F37CD7B2657AA870072009E /* Werkstuk1Tests.xctest */;
			productType = "com.apple.product-type.bundle.unit-test";
		};
		3F37CD852657AA870072009E /* Werkstuk1UITests */ = {
			isa = PBXNativeTarget;
			buildConfigurationList = 3F37CD952657AA870072009E /* Build configuration list for PBXNativeTarget "Werkstuk1UITests" */;
			buildPhases = (
				3F37CD822657AA870072009E /* Sources */,
				3F37CD832657AA870072009E /* Frameworks */,
				3F37CD842657AA870072009E /* Resources */,
			);
			buildRules = (
			);
			dependencies = (
				3F37CD882657AA870072009E /* PBXTargetDependency */,
			);
			name = Werkstuk1UITests;
			productName = Werkstuk1UITests;
			productReference = 3F37CD862657AA870072009E /* Werkstuk1UITests.xctest */;
			productType = "com.apple.product-type.bundle.ui-testing";
		};
/* End PBXNativeTarget section */

/* Begin PBXProject section */
		3F37CD5D2657AA850072009E /* Project object */ = {
			isa = PBXProject;
			attributes = {
				LastSwiftUpdateCheck = 1240;
				LastUpgradeCheck = 1240;
				TargetAttributes = {
					3F37CD642657AA850072009E = {
						CreatedOnToolsVersion = 12.4;
					};
					3F37CD7A2657AA870072009E = {
						CreatedOnToolsVersion = 12.4;
						TestTargetID = 3F37CD642657AA850072009E;
					};
					3F37CD852657AA870072009E = {
						CreatedOnToolsVersion = 12.4;
						TestTargetID = 3F37CD642657AA850072009E;
					};
				};
			};
			buildConfigurationList = 3F37CD602657AA850072009E /* Build configuration list for PBXProject "Werkstuk1" */;
			compatibilityVersion = "Xcode 9.3";
			developmentRegion = en;
			hasScannedForEncodings = 0;
			knownRegions = (
				en,
				Base,
			);
			mainGroup = 3F37CD5C2657AA850072009E;
			productRefGroup = 3F37CD662657AA850072009E /* Products */;
			projectDirPath = "";
			projectRoot = "";
			targets = (
				3F37CD642657AA850072009E /* Werkstuk1 */,
				3F37CD7A2657AA870072009E /* Werkstuk1Tests */,
				3F37CD852657AA870072009E /* Werkstuk1UITests */,
			);
		};
/* End PBXProject section */

/* Begin PBXResourcesBuildPhase section */
		3F37CD632657AA850072009E /* Resources */ = {
			isa = PBXResourcesBuildPhase;
			buildActionMask = 2147483647;
			files = (
				3F37CD752657AA870072009E /* LaunchScreen.storyboard in Resources */,
				3F37CD722657AA870072009E /* Assets.xcassets in Resources */,
				3F37CD702657AA850072009E /* Main.storyboard in Resources */,
			);
			runOnlyForDeploymentPostprocessing = 0;
		};
		3F37CD792657AA870072009E /* Resources */ = {
			isa = PBXResourcesBuildPhase;
			buildActionMask = 2147483647;
			files = (
			);
			runOnlyForDeploymentPostprocessing = 0;
		};
		3F37CD842657AA870072009E /* Resources */ = {
			isa = PBXResourcesBuildPhase;
			buildActionMask = 2147483647;
			files = (
			);
			runOnlyForDeploymentPostprocessing = 0;
		};
/* End PBXResourcesBuildPhase section */

/* Begin PBXSourcesBuildPhase section */
		3F37CD612657AA850072009E /* Sources */ = {
			isa = PBXSourcesBuildPhase;
			buildActionMask = 2147483647;
			files = (
				3F938C332657E34100B47861 /* LijstCentrums.swift in Sources */,
				3F938C262657C6C600B47861 /* CentrumToevoegenVC.swift in Sources */,
				3FF01C1E26593BAD00534936 /* CentrumImageVC.swift in Sources */,
				3F938C212657C69A00B47861 /* CentrumDetailVC.swift in Sources */,
				3F938C132657C09100B47861 /* Address.swift in Sources */,
				3F37CD6D2657AA850072009E /* LijstCentrumsVC.swift in Sources */,
				3F37CD692657AA850072009E /* AppDelegate.swift in Sources */,
				3F938C2B2657C6DC00B47861 /* MapPositiesVC.swift in Sources */,
				3F37CD6B2657AA850072009E /* SceneDelegate.swift in Sources */,
				3F938C0E2657C02400B47861 /* VaccinatieCentrum.swift in Sources */,
			);
			runOnlyForDeploymentPostprocessing = 0;
		};
		3F37CD772657AA870072009E /* Sources */ = {
			isa = PBXSourcesBuildPhase;
			buildActionMask = 2147483647;
			files = (
				3F37CD802657AA870072009E /* Werkstuk1Tests.swift in Sources */,
			);
			runOnlyForDeploymentPostprocessing = 0;
		};
		3F37CD822657AA870072009E /* Sources */ = {
			isa = PBXSourcesBuildPhase;
			buildActionMask = 2147483647;
			files = (
				3F37CD8B2657AA870072009E /* Werkstuk1UITests.swift in Sources */,
			);
			runOnlyForDeploymentPostprocessing = 0;
		};
/* End PBXSourcesBuildPhase section */

/* Begin PBXTargetDependency section */
		3F37CD7D2657AA870072009E /* PBXTargetDependency */ = {
			isa = PBXTargetDependency;
			target = 3F37CD642657AA850072009E /* Werkstuk1 */;
			targetProxy = 3F37CD7C2657AA870072009E /* PBXContainerItemProxy */;
		};
		3F37CD882657AA870072009E /* PBXTargetDependency */ = {
			isa = PBXTargetDependency;
			target = 3F37CD642657AA850072009E /* Werkstuk1 */;
			targetProxy = 3F37CD872657AA870072009E /* PBXContainerItemProxy */;
		};
/* End PBXTargetDependency section */

/* Begin PBXVariantGroup section */
		3F37CD6E2657AA850072009E /* Main.storyboard */ = {
			isa = PBXVariantGroup;
			children = (
				3F37CD6F2657AA850072009E /* Base */,
			);
			name = Main.storyboard;
			sourceTree = "<group>";
		};
		3F37CD732657AA870072009E /* LaunchScreen.storyboard */ = {
			isa = PBXVariantGroup;
			children = (
				3F37CD742657AA870072009E /* Base */,
			);
			name = LaunchScreen.storyboard;
			sourceTree = "<group>";
		};
/* End PBXVariantGroup section */

/* Begin XCBuildConfiguration section */
		3F37CD8D2657AA870072009E /* Debug */ = {
			isa = XCBuildConfiguration;
			buildSettings = {
				ALWAYS_SEARCH_USER_PATHS = NO;
				CLANG_ANALYZER_NONNULL = YES;
				CLANG_ANALYZER_NUMBER_OBJECT_CONVERSION = YES_AGGRESSIVE;
				CLANG_CXX_LANGUAGE_STANDARD = "gnu++14";
				CLANG_CXX_LIBRARY = "libc++";
				CLANG_ENABLE_MODULES = YES;
				CLANG_ENABLE_OBJC_ARC = YES;
				CLANG_ENABLE_OBJC_WEAK = YES;
				CLANG_WARN_BLOCK_CAPTURE_AUTORELEASING = YES;
				CLANG_WARN_BOOL_CONVERSION = YES;
				CLANG_WARN_COMMA = YES;
				CLANG_WARN_CONSTANT_CONVERSION = YES;
				CLANG_WARN_DEPRECATED_OBJC_IMPLEMENTATIONS = YES;
				CLANG_WARN_DIRECT_OBJC_ISA_USAGE = YES_ERROR;
				CLANG_WARN_DOCUMENTATION_COMMENTS = YES;
				CLANG_WARN_EMPTY_BODY = YES;
				CLANG_WARN_ENUM_CONVERSION = YES;
				CLANG_WARN_INFINITE_RECURSION = YES;
				CLANG_WARN_INT_CONVERSION = YES;
				CLANG_WARN_NON_LITERAL_NULL_CONVERSION = YES;
				CLANG_WARN_OBJC_IMPLICIT_RETAIN_SELF = YES;
				CLANG_WARN_OBJC_LITERAL_CONVERSION = YES;
				CLANG_WARN_OBJC_ROOT_CLASS = YES_ERROR;
				CLANG_WARN_QUOTED_INCLUDE_IN_FRAMEWORK_HEADER = YES;
				CLANG_WARN_RANGE_LOOP_ANALYSIS = YES;
				CLANG_WARN_STRICT_PROTOTYPES = YES;
				CLANG_WARN_SUSPICIOUS_MOVE = YES;
				CLANG_WARN_UNGUARDED_AVAILABILITY = YES_AGGRESSIVE;
				CLANG_WARN_UNREACHABLE_CODE = YES;
				CLANG_WARN__DUPLICATE_METHOD_MATCH = YES;
				COPY_PHASE_STRIP = NO;
				DEBUG_INFORMATION_FORMAT = dwarf;
				ENABLE_STRICT_OBJC_MSGSEND = YES;
				ENABLE_TESTABILITY = YES;
				GCC_C_LANGUAGE_STANDARD = gnu11;
				GCC_DYNAMIC_NO_PIC = NO;
				GCC_NO_COMMON_BLOCKS = YES;
				GCC_OPTIMIZATION_LEVEL = 0;
				GCC_PREPROCESSOR_DEFINITIONS = (
					"DEBUG=1",
					"$(inherited)",
				);
				GCC_WARN_64_TO_32_BIT_CONVERSION = YES;
				GCC_WARN_ABOUT_RETURN_TYPE = YES_ERROR;
				GCC_WARN_UNDECLARED_SELECTOR = YES;
				GCC_WARN_UNINITIALIZED_AUTOS = YES_AGGRESSIVE;
				GCC_WARN_UNUSED_FUNCTION = YES;
				GCC_WARN_UNUSED_VARIABLE = YES;
				IPHONEOS_DEPLOYMENT_TARGET = 14.4;
				MTL_ENABLE_DEBUG_INFO = INCLUDE_SOURCE;
				MTL_FAST_MATH = YES;
				ONLY_ACTIVE_ARCH = YES;
				SDKROOT = iphoneos;
				SWIFT_ACTIVE_COMPILATION_CONDITIONS = DEBUG;
				SWIFT_OPTIMIZATION_LEVEL = "-Onone";
			};
			name = Debug;
		};
		3F37CD8E2657AA870072009E /* Release */ = {
			isa = XCBuildConfiguration;
			buildSettings = {
				ALWAYS_SEARCH_USER_PATHS = NO;
				CLANG_ANALYZER_NONNULL = YES;
				CLANG_ANALYZER_NUMBER_OBJECT_CONVERSION = YES_AGGRESSIVE;
				CLANG_CXX_LANGUAGE_STANDARD = "gnu++14";
				CLANG_CXX_LIBRARY = "libc++";
				CLANG_ENABLE_MODULES = YES;
				CLANG_ENABLE_OBJC_ARC = YES;
				CLANG_ENABLE_OBJC_WEAK = YES;
				CLANG_WARN_BLOCK_CAPTURE_AUTORELEASING = YES;
				CLANG_WARN_BOOL_CONVERSION = YES;
				CLANG_WARN_COMMA = YES;
				CLANG_WARN_CONSTANT_CONVERSION = YES;
				CLANG_WARN_DEPRECATED_OBJC_IMPLEMENTATIONS = YES;
				CLANG_WARN_DIRECT_OBJC_ISA_USAGE = YES_ERROR;
				CLANG_WARN_DOCUMENTATION_COMMENTS = YES;
				CLANG_WARN_EMPTY_BODY = YES;
				CLANG_WARN_ENUM_CONVERSION = YES;
				CLANG_WARN_INFINITE_RECURSION = YES;
				CLANG_WARN_INT_CONVERSION = YES;
				CLANG_WARN_NON_LITERAL_NULL_CONVERSION = YES;
				CLANG_WARN_OBJC_IMPLICIT_RETAIN_SELF = YES;
				CLANG_WARN_OBJC_LITERAL_CONVERSION = YES;
				CLANG_WARN_OBJC_ROOT_CLASS = YES_ERROR;
				CLANG_WARN_QUOTED_INCLUDE_IN_FRAMEWORK_HEADER = YES;
				CLANG_WARN_RANGE_LOOP_ANALYSIS = YES;
				CLANG_WARN_STRICT_PROTOTYPES = YES;
				CLANG_WARN_SUSPICIOUS_MOVE = YES;
				CLANG_WARN_UNGUARDED_AVAILABILITY = YES_AGGRESSIVE;
				CLANG_WARN_UNREACHABLE_CODE = YES;
				CLANG_WARN__DUPLICATE_METHOD_MATCH = YES;
				COPY_PHASE_STRIP = NO;
				DEBUG_INFORMATION_FORMAT = "dwarf-with-dsym";
				ENABLE_NS_ASSERTIONS = NO;
				ENABLE_STRICT_OBJC_MSGSEND = YES;
				GCC_C_LANGUAGE_STANDARD = gnu11;
				GCC_NO_COMMON_BLOCKS = YES;
				GCC_WARN_64_TO_32_BIT_CONVERSION = YES;
				GCC_WARN_ABOUT_RETURN_TYPE = YES_ERROR;
				GCC_WARN_UNDECLARED_SELECTOR = YES;
				GCC_WARN_UNINITIALIZED_AUTOS = YES_AGGRESSIVE;
				GCC_WARN_UNUSED_FUNCTION = YES;
				GCC_WARN_UNUSED_VARIABLE = YES;
				IPHONEOS_DEPLOYMENT_TARGET = 14.4;
				MTL_ENABLE_DEBUG_INFO = NO;
				MTL_FAST_MATH = YES;
				SDKROOT = iphoneos;
				SWIFT_COMPILATION_MODE = wholemodule;
				SWIFT_OPTIMIZATION_LEVEL = "-O";
				VALIDATE_PRODUCT = YES;
			};
			name = Release;
		};
		3F37CD902657AA870072009E /* Debug */ = {
			isa = XCBuildConfiguration;
			buildSettings = {
				ASSETCATALOG_COMPILER_APPICON_NAME = AppIcon;
				ASSETCATALOG_COMPILER_GLOBAL_ACCENT_COLOR_NAME = AccentColor;
				CODE_SIGN_STYLE = Automatic;
				INFOPLIST_FILE = Werkstuk1/Info.plist;
				LD_RUNPATH_SEARCH_PATHS = (
					"$(inherited)",
					"@executable_path/Frameworks",
				);
				PRODUCT_BUNDLE_IDENTIFIER = com.lamkh.Werkstuk1;
				PRODUCT_NAME = "$(TARGET_NAME)";
				SWIFT_VERSION = 5.0;
				TARGETED_DEVICE_FAMILY = "1,2";
			};
			name = Debug;
		};
		3F37CD912657AA870072009E /* Release */ = {
			isa = XCBuildConfiguration;
			buildSettings = {
				ASSETCATALOG_COMPILER_APPICON_NAME = AppIcon;
				ASSETCATALOG_COMPILER_GLOBAL_ACCENT_COLOR_NAME = AccentColor;
				CODE_SIGN_STYLE = Automatic;
				INFOPLIST_FILE = Werkstuk1/Info.plist;
				LD_RUNPATH_SEARCH_PATHS = (
					"$(inherited)",
					"@executable_path/Frameworks",
				);
				PRODUCT_BUNDLE_IDENTIFIER = com.lamkh.Werkstuk1;
				PRODUCT_NAME = "$(TARGET_NAME)";
				SWIFT_VERSION = 5.0;
				TARGETED_DEVICE_FAMILY = "1,2";
			};
			name = Release;
		};
		3F37CD932657AA870072009E /* Debug */ = {
			isa = XCBuildConfiguration;
			buildSettings = {
				ALWAYS_EMBED_SWIFT_STANDARD_LIBRARIES = YES;
				BUNDLE_LOADER = "$(TEST_HOST)";
				CODE_SIGN_STYLE = Automatic;
				INFOPLIST_FILE = Werkstuk1Tests/Info.plist;
				IPHONEOS_DEPLOYMENT_TARGET = 14.4;
				LD_RUNPATH_SEARCH_PATHS = (
					"$(inherited)",
					"@executable_path/Frameworks",
					"@loader_path/Frameworks",
				);
				PRODUCT_BUNDLE_IDENTIFIER = com.lamkh.Werkstuk1Tests;
				PRODUCT_NAME = "$(TARGET_NAME)";
				SWIFT_VERSION = 5.0;
				TARGETED_DEVICE_FAMILY = "1,2";
				TEST_HOST = "$(BUILT_PRODUCTS_DIR)/Werkstuk1.app/Werkstuk1";
			};
			name = Debug;
		};
		3F37CD942657AA870072009E /* Release */ = {
			isa = XCBuildConfiguration;
			buildSettings = {
				ALWAYS_EMBED_SWIFT_STANDARD_LIBRARIES = YES;
				BUNDLE_LOADER = "$(TEST_HOST)";
				CODE_SIGN_STYLE = Automatic;
				INFOPLIST_FILE = Werkstuk1Tests/Info.plist;
				IPHONEOS_DEPLOYMENT_TARGET = 14.4;
				LD_RUNPATH_SEARCH_PATHS = (
					"$(inherited)",
					"@executable_path/Frameworks",
					"@loader_path/Frameworks",
				);
				PRODUCT_BUNDLE_IDENTIFIER = com.lamkh.Werkstuk1Tests;
				PRODUCT_NAME = "$(TARGET_NAME)";
				SWIFT_VERSION = 5.0;
				TARGETED_DEVICE_FAMILY = "1,2";
				TEST_HOST = "$(BUILT_PRODUCTS_DIR)/Werkstuk1.app/Werkstuk1";
			};
			name = Release;
		};
		3F37CD962657AA870072009E /* Debug */ = {
			isa = XCBuildConfiguration;
			buildSettings = {
				ALWAYS_EMBED_SWIFT_STANDARD_LIBRARIES = YES;
				CODE_SIGN_STYLE = Automatic;
				INFOPLIST_FILE = Werkstuk1UITests/Info.plist;
				LD_RUNPATH_SEARCH_PATHS = (
					"$(inherited)",
					"@executable_path/Frameworks",
					"@loader_path/Frameworks",
				);
				PRODUCT_BUNDLE_IDENTIFIER = com.lamkh.Werkstuk1UITests;
				PRODUCT_NAME = "$(TARGET_NAME)";
				SWIFT_VERSION = 5.0;
				TARGETED_DEVICE_FAMILY = "1,2";
				TEST_TARGET_NAME = Werkstuk1;
			};
			name = Debug;
		};
		3F37CD972657AA870072009E /* Release */ = {
			isa = XCBuildConfiguration;
			buildSettings = {
				ALWAYS_EMBED_SWIFT_STANDARD_LIBRARIES = YES;
				CODE_SIGN_STYLE = Automatic;
				INFOPLIST_FILE = Werkstuk1UITests/Info.plist;
				LD_RUNPATH_SEARCH_PATHS = (
					"$(inherited)",
					"@executable_path/Frameworks",
					"@loader_path/Frameworks",
				);
				PRODUCT_BUNDLE_IDENTIFIER = com.lamkh.Werkstuk1UITests;
				PRODUCT_NAME = "$(TARGET_NAME)";
				SWIFT_VERSION = 5.0;
				TARGETED_DEVICE_FAMILY = "1,2";
				TEST_TARGET_NAME = Werkstuk1;
			};
			name = Release;
		};
/* End XCBuildConfiguration section */

/* Begin XCConfigurationList section */
		3F37CD602657AA850072009E /* Build configuration list for PBXProject "Werkstuk1" */ = {
			isa = XCConfigurationList;
			buildConfigurations = (
				3F37CD8D2657AA870072009E /* Debug */,
				3F37CD8E2657AA870072009E /* Release */,
			);
			defaultConfigurationIsVisible = 0;
			defaultConfigurationName = Release;
		};
		3F37CD8F2657AA870072009E /* Build configuration list for PBXNativeTarget "Werkstuk1" */ = {
			isa = XCConfigurationList;
			buildConfigurations = (
				3F37CD902657AA870072009E /* Debug */,
				3F37CD912657AA870072009E /* Release */,
			);
			defaultConfigurationIsVisible = 0;
			defaultConfigurationName = Release;
		};
		3F37CD922657AA870072009E /* Build configuration list for PBXNativeTarget "Werkstuk1Tests" */ = {
			isa = XCConfigurationList;
			buildConfigurations = (
				3F37CD932657AA870072009E /* Debug */,
				3F37CD942657AA870072009E /* Release */,
			);
			defaultConfigurationIsVisible = 0;
			defaultConfigurationName = Release;
		};
		3F37CD952657AA870072009E /* Build configuration list for PBXNativeTarget "Werkstuk1UITests" */ = {
			isa = XCConfigurationList;
			buildConfigurations = (
				3F37CD962657AA870072009E /* Debug */,
				3F37CD972657AA870072009E /* Release */,
			);
			defaultConfigurationIsVisible = 0;
			defaultConfigurationName = Release;
		};
/* End XCConfigurationList section */
	};
	rootObject = 3F37CD5D2657AA850072009E /* Project object */;
}
